// !$*UTF8*$!
{
	archiveVersion = 1;
	classes = {
	};
	objectVersion = 77;
	objects = {

/* Begin PBXBuildFile section */
		88F876282D960B9B00A729EC /* NYCLW2025CitationCheckerTermsOfUse.pdf in Resources */ = {isa = PBXBuildFile; fileRef = 88F876272D960B9B00A729EC /* NYCLW2025CitationCheckerTermsOfUse.pdf */; };
/* End PBXBuildFile section */

/* Begin PBXContainerItemProxy section */
		887FBFEF2D94295E009F1766 /* PBXContainerItemProxy */ = {
			isa = PBXContainerItemProxy;
			containerPortal = 887FBFD42D94295D009F1766 /* Project object */;
			proxyType = 1;
			remoteGlobalIDString = 887FBFDB2D94295D009F1766;
			remoteInfo = "Legal Week Cite Checker";
		};
		887FBFF92D94295E009F1766 /* PBXContainerItemProxy */ = {
			isa = PBXContainerItemProxy;
			containerPortal = 887FBFD42D94295D009F1766 /* Project object */;
			proxyType = 1;
			remoteGlobalIDString = 887FBFDB2D94295D009F1766;
			remoteInfo = "Legal Week Cite Checker";
		};
/* End PBXContainerItemProxy section */

/* Begin PBXFileReference section */
		887FBFDC2D94295D009F1766 /* Legal Week Cite Checker.app */ = {isa = PBXFileReference; explicitFileType = wrapper.application; includeInIndex = 0; path = "Legal Week Cite Checker.app"; sourceTree = BUILT_PRODUCTS_DIR; };
		887FBFEE2D94295E009F1766 /* Legal Week Cite CheckerTests.xctest */ = {isa = PBXFileReference; explicitFileType = wrapper.cfbundle; includeInIndex = 0; path = "Legal Week Cite CheckerTests.xctest"; sourceTree = BUILT_PRODUCTS_DIR; };
		887FBFF82D94295E009F1766 /* Legal Week Cite CheckerUITests.xctest */ = {isa = PBXFileReference; explicitFileType = wrapper.cfbundle; includeInIndex = 0; path = "Legal Week Cite CheckerUITests.xctest"; sourceTree = BUILT_PRODUCTS_DIR; };
		88F876272D960B9B00A729EC /* NYCLW2025CitationCheckerTermsOfUse.pdf */ = {isa = PBXFileReference; lastKnownFileType = image.pdf; path = NYCLW2025CitationCheckerTermsOfUse.pdf; sourceTree = "<group>"; };
/* End PBXFileReference section */

/* Begin PBXFileSystemSynchronizedRootGroup section */
		887FBFDE2D94295D009F1766 /* Legal Week Cite Checker */ = {
			isa = PBXFileSystemSynchronizedRootGroup;
			path = "Legal Week Cite Checker";
			sourceTree = "<group>";
		};
		887FBFF12D94295E009F1766 /* Legal Week Cite CheckerTests */ = {
			isa = PBXFileSystemSynchronizedRootGroup;
			path = "Legal Week Cite CheckerTests";
			sourceTree = "<group>";
		};
		887FBFFB2D94295E009F1766 /* Legal Week Cite CheckerUITests */ = {
			isa = PBXFileSystemSynchronizedRootGroup;
			path = "Legal Week Cite CheckerUITests";
			sourceTree = "<group>";
		};
/* End PBXFileSystemSynchronizedRootGroup section */

/* Begin PBXFrameworksBuildPhase section */
		887FBFD92D94295D009F1766 /* Frameworks */ = {
			isa = PBXFrameworksBuildPhase;
			buildActionMask = 2147483647;
			files = (
			);
			runOnlyForDeploymentPostprocessing = 0;
		};
		887FBFEB2D94295E009F1766 /* Frameworks */ = {
			isa = PBXFrameworksBuildPhase;
			buildActionMask = 2147483647;
			files = (
			);
			runOnlyForDeploymentPostprocessing = 0;
		};
		887FBFF52D94295E009F1766 /* Frameworks */ = {
			isa = PBXFrameworksBuildPhase;
			buildActionMask = 2147483647;
			files = (
			);
			runOnlyForDeploymentPostprocessing = 0;
		};
/* End PBXFrameworksBuildPhase section */

/* Begin PBXGroup section */
		887FBFD32D94295D009F1766 = {
			isa = PBXGroup;
			children = (
				88F876262D960B7100A729EC /* Resources */,
				887FBFDE2D94295D009F1766 /* Legal Week Cite Checker */,
				887FBFF12D94295E009F1766 /* Legal Week Cite CheckerTests */,
				887FBFFB2D94295E009F1766 /* Legal Week Cite CheckerUITests */,
				887FBFDD2D94295D009F1766 /* Products */,
			);
			sourceTree = "<group>";
		};
		887FBFDD2D94295D009F1766 /* Products */ = {
			isa = PBXGroup;
			children = (
				887FBFDC2D94295D009F1766 /* Legal Week Cite Checker.app */,
				887FBFEE2D94295E009F1766 /* Legal Week Cite CheckerTests.xctest */,
				887FBFF82D94295E009F1766 /* Legal Week Cite CheckerUITests.xctest */,
			);
			name = Products;
			sourceTree = "<group>";
		};
		88F876262D960B7100A729EC /* Resources */ = {
			isa = PBXGroup;
			children = (
				88F876272D960B9B00A729EC /* NYCLW2025CitationCheckerTermsOfUse.pdf */,
			);
			path = Resources;
			sourceTree = "<group>";
		};
/* End PBXGroup section */

/* Begin PBXNativeTarget section */
		887FBFDB2D94295D009F1766 /* Legal Week Cite Checker */ = {
			isa = PBXNativeTarget;
			buildConfigurationList = 887FC0022D94295E009F1766 /* Build configuration list for PBXNativeTarget "Legal Week Cite Checker" */;
			buildPhases = (
				887FBFD82D94295D009F1766 /* Sources */,
				887FBFD92D94295D009F1766 /* Frameworks */,
				887FBFDA2D94295D009F1766 /* Resources */,
			);
			buildRules = (
			);
			dependencies = (
			);
			fileSystemSynchronizedGroups = (
				887FBFDE2D94295D009F1766 /* Legal Week Cite Checker */,
			);
			name = "Legal Week Cite Checker";
			packageProductDependencies = (
			);
			productName = "Legal Week Cite Checker";
			productReference = 887FBFDC2D94295D009F1766 /* Legal Week Cite Checker.app */;
			productType = "com.apple.product-type.application";
		};
		887FBFED2D94295E009F1766 /* Legal Week Cite CheckerTests */ = {
			isa = PBXNativeTarget;
			buildConfigurationList = 887FC0052D94295E009F1766 /* Build configuration list for PBXNativeTarget "Legal Week Cite CheckerTests" */;
			buildPhases = (
				887FBFEA2D94295E009F1766 /* Sources */,
				887FBFEB2D94295E009F1766 /* Frameworks */,
				887FBFEC2D94295E009F1766 /* Resources */,
			);
			buildRules = (
			);
			dependencies = (
				887FBFF02D94295E009F1766 /* PBXTargetDependency */,
			);
			fileSystemSynchronizedGroups = (
				887FBFF12D94295E009F1766 /* Legal Week Cite CheckerTests */,
			);
			name = "Legal Week Cite CheckerTests";
			packageProductDependencies = (
			);
			productName = "Legal Week Cite CheckerTests";
			productReference = 887FBFEE2D94295E009F1766 /* Legal Week Cite CheckerTests.xctest */;
			productType = "com.apple.product-type.bundle.unit-test";
		};
		887FBFF72D94295E009F1766 /* Legal Week Cite CheckerUITests */ = {
			isa = PBXNativeTarget;
			buildConfigurationList = 887FC0082D94295E009F1766 /* Build configuration list for PBXNativeTarget "Legal Week Cite CheckerUITests" */;
			buildPhases = (
				887FBFF42D94295E009F1766 /* Sources */,
				887FBFF52D94295E009F1766 /* Frameworks */,
				887FBFF62D94295E009F1766 /* Resources */,
			);
			buildRules = (
			);
			dependencies = (
				887FBFFA2D94295E009F1766 /* PBXTargetDependency */,
			);
			fileSystemSynchronizedGroups = (
				887FBFFB2D94295E009F1766 /* Legal Week Cite CheckerUITests */,
			);
			name = "Legal Week Cite CheckerUITests";
			packageProductDependencies = (
			);
			productName = "Legal Week Cite CheckerUITests";
			productReference = 887FBFF82D94295E009F1766 /* Legal Week Cite CheckerUITests.xctest */;
			productType = "com.apple.product-type.bundle.ui-testing";
		};
/* End PBXNativeTarget section */

/* Begin PBXProject section */
		887FBFD42D94295D009F1766 /* Project object */ = {
			isa = PBXProject;
			attributes = {
				BuildIndependentTargetsInParallel = 1;
				LastSwiftUpdateCheck = 1620;
				LastUpgradeCheck = 1620;
				TargetAttributes = {
					887FBFDB2D94295D009F1766 = {
						CreatedOnToolsVersion = 16.2;
					};
					887FBFED2D94295E009F1766 = {
						CreatedOnToolsVersion = 16.2;
						TestTargetID = 887FBFDB2D94295D009F1766;
					};
					887FBFF72D94295E009F1766 = {
						CreatedOnToolsVersion = 16.2;
						TestTargetID = 887FBFDB2D94295D009F1766;
					};
				};
			};
			buildConfigurationList = 887FBFD72D94295D009F1766 /* Build configuration list for PBXProject "Legal Week Cite Checker" */;
			developmentRegion = en;
			hasScannedForEncodings = 0;
			knownRegions = (
				en,
				Base,
			);
			mainGroup = 887FBFD32D94295D009F1766;
			minimizedProjectReferenceProxies = 1;
			preferredProjectObjectVersion = 77;
			productRefGroup = 887FBFDD2D94295D009F1766 /* Products */;
			projectDirPath = "";
			projectRoot = "";
			targets = (
				887FBFDB2D94295D009F1766 /* Legal Week Cite Checker */,
				887FBFED2D94295E009F1766 /* Legal Week Cite CheckerTests */,
				887FBFF72D94295E009F1766 /* Legal Week Cite CheckerUITests */,
			);
		};
/* End PBXProject section */

/* Begin PBXResourcesBuildPhase section */
		887FBFDA2D94295D009F1766 /* Resources */ = {
			isa = PBXResourcesBuildPhase;
			buildActionMask = 2147483647;
			files = (
				88F876282D960B9B00A729EC /* NYCLW2025CitationCheckerTermsOfUse.pdf in Resources */,
			);
			runOnlyForDeploymentPostprocessing = 0;
		};
		887FBFEC2D94295E009F1766 /* Resources */ = {
			isa = PBXResourcesBuildPhase;
			buildActionMask = 2147483647;
			files = (
			);
			runOnlyForDeploymentPostprocessing = 0;
		};
		887FBFF62D94295E009F1766 /* Resources */ = {
			isa = PBXResourcesBuildPhase;
			buildActionMask = 2147483647;
			files = (
			);
			runOnlyForDeploymentPostprocessing = 0;
		};
/* End PBXResourcesBuildPhase section */

/* Begin PBXSourcesBuildPhase section */
		887FBFD82D94295D009F1766 /* Sources */ = {
			isa = PBXSourcesBuildPhase;
			buildActionMask = 2147483647;
			files = (
			);
			runOnlyForDeploymentPostprocessing = 0;
		};
		887FBFEA2D94295E009F1766 /* Sources */ = {
			isa = PBXSourcesBuildPhase;
			buildActionMask = 2147483647;
			files = (
			);
			runOnlyForDeploymentPostprocessing = 0;
		};
		887FBFF42D94295E009F1766 /* Sources */ = {
			isa = PBXSourcesBuildPhase;
			buildActionMask = 2147483647;
			files = (
			);
			runOnlyForDeploymentPostprocessing = 0;
		};
/* End PBXSourcesBuildPhase section */

/* Begin PBXTargetDependency section */
		887FBFF02D94295E009F1766 /* PBXTargetDependency */ = {
			isa = PBXTargetDependency;
			target = 887FBFDB2D94295D009F1766 /* Legal Week Cite Checker */;
			targetProxy = 887FBFEF2D94295E009F1766 /* PBXContainerItemProxy */;
		};
		887FBFFA2D94295E009F1766 /* PBXTargetDependency */ = {
			isa = PBXTargetDependency;
			target = 887FBFDB2D94295D009F1766 /* Legal Week Cite Checker */;
			targetProxy = 887FBFF92D94295E009F1766 /* PBXContainerItemProxy */;
		};
/* End PBXTargetDependency section */

/* Begin XCBuildConfiguration section */
		887FC0002D94295E009F1766 /* Debug */ = {
			isa = XCBuildConfiguration;
			buildSettings = {
				ALWAYS_SEARCH_USER_PATHS = NO;
				ASSETCATALOG_COMPILER_GENERATE_SWIFT_ASSET_SYMBOL_EXTENSIONS = YES;
				CLANG_ANALYZER_NONNULL = YES;
				CLANG_ANALYZER_NUMBER_OBJECT_CONVERSION = YES_AGGRESSIVE;
				CLANG_CXX_LANGUAGE_STANDARD = "gnu++20";
				CLANG_ENABLE_MODULES = YES;
				CLANG_ENABLE_OBJC_ARC = YES;
				CLANG_ENABLE_OBJC_WEAK = YES;
				CLANG_WARN_BLOCK_CAPTURE_AUTORELEASING = YES;
				CLANG_WARN_BOOL_CONVERSION = YES;
				CLANG_WARN_COMMA = YES;
				CLANG_WARN_CONSTANT_CONVERSION = YES;
				CLANG_WARN_DEPRECATED_OBJC_IMPLEMENTATIONS = YES;
				CLANG_WARN_DIRECT_OBJC_ISA_USAGE = YES_ERROR;
				CLANG_WARN_DOCUMENTATION_COMMENTS = YES;
				CLANG_WARN_EMPTY_BODY = YES;
				CLANG_WARN_ENUM_CONVERSION = YES;
				CLANG_WARN_INFINITE_RECURSION = YES;
				CLANG_WARN_INT_CONVERSION = YES;
				CLANG_WARN_NON_LITERAL_NULL_CONVERSION = YES;
				CLANG_WARN_OBJC_IMPLICIT_RETAIN_SELF = YES;
				CLANG_WARN_OBJC_LITERAL_CONVERSION = YES;
				CLANG_WARN_OBJC_ROOT_CLASS = YES_ERROR;
				CLANG_WARN_QUOTED_INCLUDE_IN_FRAMEWORK_HEADER = YES;
				CLANG_WARN_RANGE_LOOP_ANALYSIS = YES;
				CLANG_WARN_STRICT_PROTOTYPES = YES;
				CLANG_WARN_SUSPICIOUS_MOVE = YES;
				CLANG_WARN_UNGUARDED_AVAILABILITY = YES_AGGRESSIVE;
				CLANG_WARN_UNREACHABLE_CODE = YES;
				CLANG_WARN__DUPLICATE_METHOD_MATCH = YES;
				COPY_PHASE_STRIP = NO;
				DEBUG_INFORMATION_FORMAT = dwarf;
				ENABLE_STRICT_OBJC_MSGSEND = YES;
				ENABLE_TESTABILITY = YES;
				ENABLE_USER_SCRIPT_SANDBOXING = YES;
				GCC_C_LANGUAGE_STANDARD = gnu17;
				GCC_DYNAMIC_NO_PIC = NO;
				GCC_NO_COMMON_BLOCKS = YES;
				GCC_OPTIMIZATION_LEVEL = 0;
				GCC_PREPROCESSOR_DEFINITIONS = (
					"DEBUG=1",
					"$(inherited)",
				);
				GCC_WARN_64_TO_32_BIT_CONVERSION = YES;
				GCC_WARN_ABOUT_RETURN_TYPE = YES_ERROR;
				GCC_WARN_UNDECLARED_SELECTOR = YES;
				GCC_WARN_UNINITIALIZED_AUTOS = YES_AGGRESSIVE;
				GCC_WARN_UNUSED_FUNCTION = YES;
				GCC_WARN_UNUSED_VARIABLE = YES;
				IPHONEOS_DEPLOYMENT_TARGET = 18.2;
				LOCALIZATION_PREFERS_STRING_CATALOGS = YES;
				MTL_ENABLE_DEBUG_INFO = INCLUDE_SOURCE;
				MTL_FAST_MATH = YES;
				ONLY_ACTIVE_ARCH = YES;
				SDKROOT = iphoneos;
				SWIFT_ACTIVE_COMPILATION_CONDITIONS = "DEBUG $(inherited)";
				SWIFT_OPTIMIZATION_LEVEL = "-Onone";
			};
			name = Debug;
		};
		887FC0012D94295E009F1766 /* Release */ = {
			isa = XCBuildConfiguration;
			buildSettings = {
				ALWAYS_SEARCH_USER_PATHS = NO;
				ASSETCATALOG_COMPILER_GENERATE_SWIFT_ASSET_SYMBOL_EXTENSIONS = YES;
				CLANG_ANALYZER_NONNULL = YES;
				CLANG_ANALYZER_NUMBER_OBJECT_CONVERSION = YES_AGGRESSIVE;
				CLANG_CXX_LANGUAGE_STANDARD = "gnu++20";
				CLANG_ENABLE_MODULES = YES;
				CLANG_ENABLE_OBJC_ARC = YES;
				CLANG_ENABLE_OBJC_WEAK = YES;
				CLANG_WARN_BLOCK_CAPTURE_AUTORELEASING = YES;
				CLANG_WARN_BOOL_CONVERSION = YES;
				CLANG_WARN_COMMA = YES;
				CLANG_WARN_CONSTANT_CONVERSION = YES;
				CLANG_WARN_DEPRECATED_OBJC_IMPLEMENTATIONS = YES;
				CLANG_WARN_DIRECT_OBJC_ISA_USAGE = YES_ERROR;
				CLANG_WARN_DOCUMENTATION_COMMENTS = YES;
				CLANG_WARN_EMPTY_BODY = YES;
				CLANG_WARN_ENUM_CONVERSION = YES;
				CLANG_WARN_INFINITE_RECURSION = YES;
				CLANG_WARN_INT_CONVERSION = YES;
				CLANG_WARN_NON_LITERAL_NULL_CONVERSION = YES;
				CLANG_WARN_OBJC_IMPLICIT_RETAIN_SELF = YES;
				CLANG_WARN_OBJC_LITERAL_CONVERSION = YES;
				CLANG_WARN_OBJC_ROOT_CLASS = YES_ERROR;
				CLANG_WARN_QUOTED_INCLUDE_IN_FRAMEWORK_HEADER = YES;
				CLANG_WARN_RANGE_LOOP_ANALYSIS = YES;
				CLANG_WARN_STRICT_PROTOTYPES = YES;
				CLANG_WARN_SUSPICIOUS_MOVE = YES;
				CLANG_WARN_UNGUARDED_AVAILABILITY = YES_AGGRESSIVE;
				CLANG_WARN_UNREACHABLE_CODE = YES;
				CLANG_WARN__DUPLICATE_METHOD_MATCH = YES;
				COPY_PHASE_STRIP = NO;
				DEBUG_INFORMATION_FORMAT = "dwarf-with-dsym";
				ENABLE_NS_ASSERTIONS = NO;
				ENABLE_STRICT_OBJC_MSGSEND = YES;
				ENABLE_USER_SCRIPT_SANDBOXING = YES;
				GCC_C_LANGUAGE_STANDARD = gnu17;
				GCC_NO_COMMON_BLOCKS = YES;
				GCC_WARN_64_TO_32_BIT_CONVERSION = YES;
				GCC_WARN_ABOUT_RETURN_TYPE = YES_ERROR;
				GCC_WARN_UNDECLARED_SELECTOR = YES;
				GCC_WARN_UNINITIALIZED_AUTOS = YES_AGGRESSIVE;
				GCC_WARN_UNUSED_FUNCTION = YES;
				GCC_WARN_UNUSED_VARIABLE = YES;
				IPHONEOS_DEPLOYMENT_TARGET = 18.2;
				LOCALIZATION_PREFERS_STRING_CATALOGS = YES;
				MTL_ENABLE_DEBUG_INFO = NO;
				MTL_FAST_MATH = YES;
				SDKROOT = iphoneos;
				SWIFT_COMPILATION_MODE = wholemodule;
				VALIDATE_PRODUCT = YES;
			};
			name = Release;
		};
		887FC0032D94295E009F1766 /* Debug */ = {
			isa = XCBuildConfiguration;
			buildSettings = {
				ASSETCATALOG_COMPILER_APPICON_NAME = AppIcon;
				ASSETCATALOG_COMPILER_GLOBAL_ACCENT_COLOR_NAME = AccentColor;
				CODE_SIGN_STYLE = Automatic;
				CURRENT_PROJECT_VERSION = 1;
				DEVELOPMENT_ASSET_PATHS = "\"Legal Week Cite Checker/Preview Content\"";
				DEVELOPMENT_TEAM = MC8BT9Z8GD;
				ENABLE_PREVIEWS = YES;
				GENERATE_INFOPLIST_FILE = YES;
				INFOPLIST_KEY_UIApplicationSceneManifest_Generation = YES;
				INFOPLIST_KEY_UIApplicationSupportsIndirectInputEvents = YES;
				INFOPLIST_KEY_UILaunchScreen_Generation = YES;
				INFOPLIST_KEY_UISupportedInterfaceOrientations_iPad = "UIInterfaceOrientationPortrait UIInterfaceOrientationPortraitUpsideDown UIInterfaceOrientationLandscapeLeft UIInterfaceOrientationLandscapeRight";
				INFOPLIST_KEY_UISupportedInterfaceOrientations_iPhone = "UIInterfaceOrientationPortrait UIInterfaceOrientationLandscapeLeft UIInterfaceOrientationLandscapeRight";
				LD_RUNPATH_SEARCH_PATHS = (
					"$(inherited)",
					"@executable_path/Frameworks",
				);
				MARKETING_VERSION = 1.0;
				PRODUCT_BUNDLE_IDENTIFIER = "ai.tucuxi.Legal-Week-Cite-Checker";
				PRODUCT_NAME = "$(TARGET_NAME)";
				SWIFT_EMIT_LOC_STRINGS = YES;
				SWIFT_VERSION = 5.0;
				TARGETED_DEVICE_FAMILY = "1,2";
			};
			name = Debug;
		};
		887FC0042D94295E009F1766 /* Release */ = {
			isa = XCBuildConfiguration;
			buildSettings = {
				ASSETCATALOG_COMPILER_APPICON_NAME = AppIcon;
				ASSETCATALOG_COMPILER_GLOBAL_ACCENT_COLOR_NAME = AccentColor;
				CODE_SIGN_STYLE = Automatic;
				CURRENT_PROJECT_VERSION = 1;
				DEVELOPMENT_ASSET_PATHS = "\"Legal Week Cite Checker/Preview Content\"";
				DEVELOPMENT_TEAM = MC8BT9Z8GD;
				ENABLE_PREVIEWS = YES;
				GENERATE_INFOPLIST_FILE = YES;
				INFOPLIST_KEY_UIApplicationSceneManifest_Generation = YES;
				INFOPLIST_KEY_UIApplicationSupportsIndirectInputEvents = YES;
				INFOPLIST_KEY_UILaunchScreen_Generation = YES;
				INFOPLIST_KEY_UISupportedInterfaceOrientations_iPad = "UIInterfaceOrientationPortrait UIInterfaceOrientationPortraitUpsideDown UIInterfaceOrientationLandscapeLeft UIInterfaceOrientationLandscapeRight";
				INFOPLIST_KEY_UISupportedInterfaceOrientations_iPhone = "UIInterfaceOrientationPortrait UIInterfaceOrientationLandscapeLeft UIInterfaceOrientationLandscapeRight";
				LD_RUNPATH_SEARCH_PATHS = (
					"$(inherited)",
					"@executable_path/Frameworks",
				);
				MARKETING_VERSION = 1.0;
				PRODUCT_BUNDLE_IDENTIFIER = "ai.tucuxi.Legal-Week-Cite-Checker";
				PRODUCT_NAME = "$(TARGET_NAME)";
				SWIFT_EMIT_LOC_STRINGS = YES;
				SWIFT_VERSION = 5.0;
				TARGETED_DEVICE_FAMILY = "1,2";
			};
			name = Release;
		};
		887FC0062D94295E009F1766 /* Debug */ = {
			isa = XCBuildConfiguration;
			buildSettings = {
				BUNDLE_LOADER = "$(TEST_HOST)";
				CODE_SIGN_STYLE = Automatic;
				CURRENT_PROJECT_VERSION = 1;
				DEVELOPMENT_TEAM = MC8BT9Z8GD;
				GENERATE_INFOPLIST_FILE = YES;
				IPHONEOS_DEPLOYMENT_TARGET = 18.2;
				MARKETING_VERSION = 1.0;
				PRODUCT_BUNDLE_IDENTIFIER = "ai.tucuxi.Legal-Week-Cite-CheckerTests";
				PRODUCT_NAME = "$(TARGET_NAME)";
				SWIFT_EMIT_LOC_STRINGS = NO;
				SWIFT_VERSION = 5.0;
				TARGETED_DEVICE_FAMILY = "1,2";
				TEST_HOST = "$(BUILT_PRODUCTS_DIR)/Legal Week Cite Checker.app/$(BUNDLE_EXECUTABLE_FOLDER_PATH)/Legal Week Cite Checker";
			};
			name = Debug;
		};
		887FC0072D94295E009F1766 /* Release */ = {
			isa = XCBuildConfiguration;
			buildSettings = {
				BUNDLE_LOADER = "$(TEST_HOST)";
				CODE_SIGN_STYLE = Automatic;
				CURRENT_PROJECT_VERSION = 1;
				DEVELOPMENT_TEAM = MC8BT9Z8GD;
				GENERATE_INFOPLIST_FILE = YES;
				IPHONEOS_DEPLOYMENT_TARGET = 18.2;
				MARKETING_VERSION = 1.0;
				PRODUCT_BUNDLE_IDENTIFIER = "ai.tucuxi.Legal-Week-Cite-CheckerTests";
				PRODUCT_NAME = "$(TARGET_NAME)";
				SWIFT_EMIT_LOC_STRINGS = NO;
				SWIFT_VERSION = 5.0;
				TARGETED_DEVICE_FAMILY = "1,2";
				TEST_HOST = "$(BUILT_PRODUCTS_DIR)/Legal Week Cite Checker.app/$(BUNDLE_EXECUTABLE_FOLDER_PATH)/Legal Week Cite Checker";
			};
			name = Release;
		};
		887FC0092D94295E009F1766 /* Debug */ = {
			isa = XCBuildConfiguration;
			buildSettings = {
				CODE_SIGN_STYLE = Automatic;
				CURRENT_PROJECT_VERSION = 1;
				DEVELOPMENT_TEAM = MC8BT9Z8GD;
				GENERATE_INFOPLIST_FILE = YES;
				MARKETING_VERSION = 1.0;
				PRODUCT_BUNDLE_IDENTIFIER = "ai.tucuxi.Legal-Week-Cite-CheckerUITests";
				PRODUCT_NAME = "$(TARGET_NAME)";
				SWIFT_EMIT_LOC_STRINGS = NO;
				SWIFT_VERSION = 5.0;
				TARGETED_DEVICE_FAMILY = "1,2";
				TEST_TARGET_NAME = "Legal Week Cite Checker";
			};
			name = Debug;
		};
		887FC00A2D94295E009F1766 /* Release */ = {
			isa = XCBuildConfiguration;
			buildSettings = {
				CODE_SIGN_STYLE = Automatic;
				CURRENT_PROJECT_VERSION = 1;
				DEVELOPMENT_TEAM = MC8BT9Z8GD;
				GENERATE_INFOPLIST_FILE = YES;
				MARKETING_VERSION = 1.0;
				PRODUCT_BUNDLE_IDENTIFIER = "ai.tucuxi.Legal-Week-Cite-CheckerUITests";
				PRODUCT_NAME = "$(TARGET_NAME)";
				SWIFT_EMIT_LOC_STRINGS = NO;
				SWIFT_VERSION = 5.0;
				TARGETED_DEVICE_FAMILY = "1,2";
				TEST_TARGET_NAME = "Legal Week Cite Checker";
			};
			name = Release;
		};
/* End XCBuildConfiguration section */

/* Begin XCConfigurationList section */
		887FBFD72D94295D009F1766 /* Build configuration list for PBXProject "Legal Week Cite Checker" */ = {
			isa = XCConfigurationList;
			buildConfigurations = (
				887FC0002D94295E009F1766 /* Debug */,
				887FC0012D94295E009F1766 /* Release */,
			);
			defaultConfigurationIsVisible = 0;
			defaultConfigurationName = Release;
		};
		887FC0022D94295E009F1766 /* Build configuration list for PBXNativeTarget "Legal Week Cite Checker" */ = {
			isa = XCConfigurationList;
			buildConfigurations = (
				887FC0032D94295E009F1766 /* Debug */,
				887FC0042D94295E009F1766 /* Release */,
			);
			defaultConfigurationIsVisible = 0;
			defaultConfigurationName = Release;
		};
		887FC0052D94295E009F1766 /* Build configuration list for PBXNativeTarget "Legal Week Cite CheckerTests" */ = {
			isa = XCConfigurationList;
			buildConfigurations = (
				887FC0062D94295E009F1766 /* Debug */,
				887FC0072D94295E009F1766 /* Release */,
			);
			defaultConfigurationIsVisible = 0;
			defaultConfigurationName = Release;
		};
		887FC0082D94295E009F1766 /* Build configuration list for PBXNativeTarget "Legal Week Cite CheckerUITests" */ = {
			isa = XCConfigurationList;
			buildConfigurations = (
				887FC0092D94295E009F1766 /* Debug */,
				887FC00A2D94295E009F1766 /* Release */,
			);
			defaultConfigurationIsVisible = 0;
			defaultConfigurationName = Release;
		};
/* End XCConfigurationList section */
	};
	rootObject = 887FBFD42D94295D009F1766 /* Project object */;
}
